{
  "originHash" : "5b5c88a581680f385735656fbccbc16d0ffd5e976af0c8a753a95bbff106d3d1",
  "pins" : [
    {
      "identity" : "lottie-ios",
      "kind" : "remoteSourceControl",
      "location" : "https://github.com/airbnb/lottie-ios",
      "state" : {
        "revision" : "047aa81b77adcbf583a966dfef620d17650cc656",
        "version" : "4.5.1"
      }
    },
    {
      "identity" : "swiftuiglass",
      "kind" : "remoteSourceControl",
      "location" : "https://github.com/14slash12/SwiftUIGlass",
      "state" : {
        "branch" : "main",
        "revision" : "18b12b28b959a3b1b9abd341005d37e58252c5ea"
      }
    }
  ],
  "version" : 3
}
